{
    "_readme": [
        "This file locks the dependencies of your project to a known state",
        "Read more about it at https://getcomposer.org/doc/01-basic-usage.md#installing-dependencies",
        "This file is @generated automatically"
    ],
    "content-hash": "63397fd57874911b938f45749a609788",
    "packages": [
        {
            "name": "caouecs/laravel-lang",
            "version": "4.0.8",
            "source": {
                "type": "git",
                "url": "https://github.com/caouecs/Laravel-lang.git",
                "reference": "b508ae398fc1a8453a6877229e57460dd07ecfa2"
            },
            "dist": {
                "type": "zip",
                "url": "https://api.github.com/repos/caouecs/Laravel-lang/zipball/b508ae398fc1a8453a6877229e57460dd07ecfa2",
                "reference": "b508ae398fc1a8453a6877229e57460dd07ecfa2",
                "shasum": ""
            },
            "require": {
                "ext-json": "*"
            },
            "require-dev": {
                "friendsofphp/php-cs-fixer": "^2.10"
            },
            "suggest": {
                "ablunier/laravel-lang-installer": "Command for easily add languages to a Laravel project",
                "andrey-helldar/laravel-lang-publisher": "Easy installation and update of translation files for your project",
                "arcanedev/laravel-lang": "Translations manager and checker for Laravel 5",
                "overtrue/laravel-lang": "Command to add languages in your project"
            },
            "type": "library",
            "notification-url": "https://packagist.org/downloads/",
            "license": [
                "MIT"
            ],
            "authors": [
                {
                    "name": "caouecs",
                    "email": "caouecs@caouecs.net"
                }
            ],
            "description": "Languages for Laravel",
            "keywords": [
                "lang",
                "languages",
                "laravel",
                "lpm"
            ],
            "time": "2019-12-19T09:38:31+00:00"
        }
    ],
    "packages-dev": [],
    "aliases": [],
    "minimum-stability": "dev",
    "stability-flags": [],
    "prefer-stable": false,
    "prefer-lowest": false,
    "platform": {
        "php": ">=5.3.0 || ^7.0"
    },
    "platform-dev": []
}
